// !$*UTF8*$!
{
	archiveVersion = 1;
	classes = {
	};
	objectVersion = 48;
	objects = {

/* Begin PBXBuildFile section */
		081468F51FC983590008B2D8 /* LoginViewController.swift in Sources */ = {isa = PBXBuildFile; fileRef = 081468F41FC983590008B2D8 /* LoginViewController.swift */; };
		0815626D1FD7050D00595CA5 /* AllOver.swift in Sources */ = {isa = PBXBuildFile; fileRef = 0815626C1FD7050D00595CA5 /* AllOver.swift */; };
		0815626F1FD7056B00595CA5 /* Student.swift in Sources */ = {isa = PBXBuildFile; fileRef = 0815626E1FD7056B00595CA5 /* Student.swift */; };
		081562711FD70D4B00595CA5 /* CP-CC.swift in Sources */ = {isa = PBXBuildFile; fileRef = 081562701FD70D4B00595CA5 /* CP-CC.swift */; };
		081562731FD7209500595CA5 /* Origin.swift in Sources */ = {isa = PBXBuildFile; fileRef = 081562721FD7209500595CA5 /* Origin.swift */; };
		081562751FD7210100595CA5 /* Networking.swift in Sources */ = {isa = PBXBuildFile; fileRef = 081562741FD7210100595CA5 /* Networking.swift */; };
		08C52B4C1FC8409D00EEB1BF /* AppDelegate.swift in Sources */ = {isa = PBXBuildFile; fileRef = 08C52B4B1FC8409D00EEB1BF /* AppDelegate.swift */; };
		08C52B511FC8409D00EEB1BF /* Main.storyboard in Resources */ = {isa = PBXBuildFile; fileRef = 08C52B4F1FC8409D00EEB1BF /* Main.storyboard */; };
		08C52B531FC8409D00EEB1BF /* Assets.xcassets in Resources */ = {isa = PBXBuildFile; fileRef = 08C52B521FC8409D00EEB1BF /* Assets.xcassets */; };
		08C52B561FC8409D00EEB1BF /* LaunchScreen.storyboard in Resources */ = {isa = PBXBuildFile; fileRef = 08C52B541FC8409D00EEB1BF /* LaunchScreen.storyboard */; };
		08DA89A61FCDF16E0000C4F5 /* Info.plist in Resources */ = {isa = PBXBuildFile; fileRef = 08DA89A51FCDF16E0000C4F5 /* Info.plist */; };
/* End PBXBuildFile section */

/* Begin PBXFileReference section */
		081468F41FC983590008B2D8 /* LoginViewController.swift */ = {isa = PBXFileReference; lastKnownFileType = sourcecode.swift; path = LoginViewController.swift; sourceTree = "<group>"; };
		0815626C1FD7050D00595CA5 /* AllOver.swift */ = {isa = PBXFileReference; lastKnownFileType = sourcecode.swift; path = AllOver.swift; sourceTree = "<group>"; };
		0815626E1FD7056B00595CA5 /* Student.swift */ = {isa = PBXFileReference; lastKnownFileType = sourcecode.swift; path = Student.swift; sourceTree = "<group>"; };
		081562701FD70D4B00595CA5 /* CP-CC.swift */ = {isa = PBXFileReference; lastKnownFileType = sourcecode.swift; path = "CP-CC.swift"; sourceTree = "<group>"; };
		081562721FD7209500595CA5 /* Origin.swift */ = {isa = PBXFileReference; lastKnownFileType = sourcecode.swift; path = Origin.swift; sourceTree = "<group>"; };
		081562741FD7210100595CA5 /* Networking.swift */ = {isa = PBXFileReference; lastKnownFileType = sourcecode.swift; path = Networking.swift; sourceTree = "<group>"; };
		08C52B481FC8409D00EEB1BF /* PinIT.app */ = {isa = PBXFileReference; explicitFileType = wrapper.application; includeInIndex = 0; path = PinIT.app; sourceTree = BUILT_PRODUCTS_DIR; };
		08C52B4B1FC8409D00EEB1BF /* AppDelegate.swift */ = {isa = PBXFileReference; lastKnownFileType = sourcecode.swift; path = AppDelegate.swift; sourceTree = "<group>"; };
		08C52B501FC8409D00EEB1BF /* Base */ = {isa = PBXFileReference; lastKnownFileType = file.storyboard; name = Base; path = Base.lproj/Main.storyboard; sourceTree = "<group>"; };
		08C52B521FC8409D00EEB1BF /* Assets.xcassets */ = {isa = PBXFileReference; lastKnownFileType = folder.assetcatalog; path = Assets.xcassets; sourceTree = "<group>"; };
		08C52B551FC8409D00EEB1BF /* Base */ = {isa = PBXFileReference; lastKnownFileType = file.storyboard; name = Base; path = Base.lproj/LaunchScreen.storyboard; sourceTree = "<group>"; };
		08DA89A51FCDF16E0000C4F5 /* Info.plist */ = {isa = PBXFileReference; fileEncoding = 4; lastKnownFileType = text.plist.xml; path = Info.plist; sourceTree = "<group>"; };
/* End PBXFileReference section */

/* Begin PBXFrameworksBuildPhase section */
		08C52B451FC8409D00EEB1BF /* Frameworks */ = {
			isa = PBXFrameworksBuildPhase;
			buildActionMask = 2147483647;
			files = (
			);
			runOnlyForDeploymentPostprocessing = 0;
		};
/* End PBXFrameworksBuildPhase section */

/* Begin PBXGroup section */
		08C52B3F1FC8409D00EEB1BF = {
			isa = PBXGroup;
			children = (
				08C52B4A1FC8409D00EEB1BF /* PinIT */,
				08DA89A51FCDF16E0000C4F5 /* Info.plist */,
				08C52B491FC8409D00EEB1BF /* Products */,
				081562741FD7210100595CA5 /* Networking.swift */,
			);
			sourceTree = "<group>";
		};
		08C52B491FC8409D00EEB1BF /* Products */ = {
			isa = PBXGroup;
			children = (
				08C52B481FC8409D00EEB1BF /* PinIT.app */,
			);
			name = Products;
			sourceTree = "<group>";
		};
		08C52B4A1FC8409D00EEB1BF /* PinIT */ = {
			isa = PBXGroup;
			children = (
				08C52B5D1FC8474F00EEB1BF /* Model */,
				08C52B5F1FC8476F00EEB1BF /* Controller */,
				08C52B5E1FC8476500EEB1BF /* View */,
				08C52B601FC847F100EEB1BF /* Screen */,
			);
			path = PinIT;
			sourceTree = "<group>";
		};
		08C52B5D1FC8474F00EEB1BF /* Model */ = {
			isa = PBXGroup;
			children = (
				0815626C1FD7050D00595CA5 /* AllOver.swift */,
				0815626E1FD7056B00595CA5 /* Student.swift */,
				081562721FD7209500595CA5 /* Origin.swift */,
				081562701FD70D4B00595CA5 /* CP-CC.swift */,
			);
			name = Model;
			sourceTree = "<group>";
		};
		08C52B5E1FC8476500EEB1BF /* View */ = {
			isa = PBXGroup;
			children = (
			);
			path = View;
			sourceTree = "<group>";
		};
		08C52B5F1FC8476F00EEB1BF /* Controller */ = {
			isa = PBXGroup;
			children = (
				081468F41FC983590008B2D8 /* LoginViewController.swift */,
			);
			name = Controller;
			sourceTree = "<group>";
		};
		08C52B601FC847F100EEB1BF /* Screen */ = {
			isa = PBXGroup;
			children = (
				08C52B4B1FC8409D00EEB1BF /* AppDelegate.swift */,
				08C52B4F1FC8409D00EEB1BF /* Main.storyboard */,
				08C52B541FC8409D00EEB1BF /* LaunchScreen.storyboard */,
				08C52B521FC8409D00EEB1BF /* Assets.xcassets */,
			);
			path = Screen;
			sourceTree = "<group>";
		};
/* End PBXGroup section */

/* Begin PBXNativeTarget section */
		08C52B471FC8409D00EEB1BF /* PinIT */ = {
			isa = PBXNativeTarget;
			buildConfigurationList = 08C52B5A1FC8409D00EEB1BF /* Build configuration list for PBXNativeTarget "PinIT" */;
			buildPhases = (
				08C52B441FC8409D00EEB1BF /* Sources */,
				08C52B451FC8409D00EEB1BF /* Frameworks */,
				08C52B461FC8409D00EEB1BF /* Resources */,
			);
			buildRules = (
			);
			dependencies = (
			);
			name = PinIT;
			productName = PinIT;
			productReference = 08C52B481FC8409D00EEB1BF /* PinIT.app */;
			productType = "com.apple.product-type.application";
		};
/* End PBXNativeTarget section */

/* Begin PBXProject section */
		08C52B401FC8409D00EEB1BF /* Project object */ = {
			isa = PBXProject;
			attributes = {
				LastSwiftUpdateCheck = 0910;
				LastUpgradeCheck = 0910;
				ORGANIZATIONNAME = "Rahul Dhiman";
				TargetAttributes = {
					08C52B471FC8409D00EEB1BF = {
						CreatedOnToolsVersion = 9.1;
						ProvisioningStyle = Automatic;
					};
				};
			};
			buildConfigurationList = 08C52B431FC8409D00EEB1BF /* Build configuration list for PBXProject "PinIT" */;
			compatibilityVersion = "Xcode 8.0";
			developmentRegion = en;
			hasScannedForEncodings = 0;
			knownRegions = (
				en,
				Base,
			);
			mainGroup = 08C52B3F1FC8409D00EEB1BF;
			productRefGroup = 08C52B491FC8409D00EEB1BF /* Products */;
			projectDirPath = "";
			projectRoot = "";
			targets = (
				08C52B471FC8409D00EEB1BF /* PinIT */,
			);
		};
/* End PBXProject section */

/* Begin PBXResourcesBuildPhase section */
		08C52B461FC8409D00EEB1BF /* Resources */ = {
			isa = PBXResourcesBuildPhase;
			buildActionMask = 2147483647;
			files = (
				08DA89A61FCDF16E0000C4F5 /* Info.plist in Resources */,
				08C52B561FC8409D00EEB1BF /* LaunchScreen.storyboard in Resources */,
				08C52B531FC8409D00EEB1BF /* Assets.xcassets in Resources */,
				08C52B511FC8409D00EEB1BF /* Main.storyboard in Resources */,
			);
			runOnlyForDeploymentPostprocessing = 0;
		};
/* End PBXResourcesBuildPhase section */

/* Begin PBXSourcesBuildPhase section */
		08C52B441FC8409D00EEB1BF /* Sources */ = {
			isa = PBXSourcesBuildPhase;
			buildActionMask = 2147483647;
			files = (
				0815626D1FD7050D00595CA5 /* AllOver.swift in Sources */,
				081468F51FC983590008B2D8 /* LoginViewController.swift in Sources */,
				0815626F1FD7056B00595CA5 /* Student.swift in Sources */,
				08C52B4C1FC8409D00EEB1BF /* AppDelegate.swift in Sources */,
				081562711FD70D4B00595CA5 /* CP-CC.swift in Sources */,
				081562731FD7209500595CA5 /* Origin.swift in Sources */,
				081562751FD7210100595CA5 /* Networking.swift in Sources */,
			);
			runOnlyForDeploymentPostprocessing = 0;
		};
/* End PBXSourcesBuildPhase section */

/* Begin PBXVariantGroup section */
		08C52B4F1FC8409D00EEB1BF /* Main.storyboard */ = {
			isa = PBXVariantGroup;
			children = (
				08C52B501FC8409D00EEB1BF /* Base */,
			);
			name = Main.storyboard;
			sourceTree = "<group>";
		};
		08C52B541FC8409D00EEB1BF /* LaunchScreen.storyboard */ = {
			isa = PBXVariantGroup;
			children = (
				08C52B551FC8409D00EEB1BF /* Base */,
			);
			name = LaunchScreen.storyboard;
			sourceTree = "<group>";
		};
/* End PBXVariantGroup section */

/* Begin XCBuildConfiguration section */
		08C52B581FC8409D00EEB1BF /* Debug */ = {
			isa = XCBuildConfiguration;
			buildSettings = {
				ALWAYS_SEARCH_USER_PATHS = NO;
				CLANG_ANALYZER_NONNULL = YES;
				CLANG_ANALYZER_NUMBER_OBJECT_CONVERSION = YES_AGGRESSIVE;
				CLANG_CXX_LANGUAGE_STANDARD = "gnu++14";
				CLANG_CXX_LIBRARY = "libc++";
				CLANG_ENABLE_MODULES = YES;
				CLANG_ENABLE_OBJC_ARC = YES;
				CLANG_WARN_BLOCK_CAPTURE_AUTORELEASING = YES;
				CLANG_WARN_BOOL_CONVERSION = YES;
				CLANG_WARN_COMMA = YES;
				CLANG_WARN_CONSTANT_CONVERSION = YES;
				CLANG_WARN_DIRECT_OBJC_ISA_USAGE = YES_ERROR;
				CLANG_WARN_DOCUMENTATION_COMMENTS = YES;
				CLANG_WARN_EMPTY_BODY = YES;
				CLANG_WARN_ENUM_CONVERSION = YES;
				CLANG_WARN_INFINITE_RECURSION = YES;
				CLANG_WARN_INT_CONVERSION = YES;
				CLANG_WARN_NON_LITERAL_NULL_CONVERSION = YES;
				CLANG_WARN_OBJC_LITERAL_CONVERSION = YES;
				CLANG_WARN_OBJC_ROOT_CLASS = YES_ERROR;
				CLANG_WARN_RANGE_LOOP_ANALYSIS = YES;
				CLANG_WARN_STRICT_PROTOTYPES = YES;
				CLANG_WARN_SUSPICIOUS_MOVE = YES;
				CLANG_WARN_UNGUARDED_AVAILABILITY = YES_AGGRESSIVE;
				CLANG_WARN_UNREACHABLE_CODE = YES;
				CLANG_WARN__DUPLICATE_METHOD_MATCH = YES;
				CODE_SIGN_IDENTITY = "iPhone Developer";
				COPY_PHASE_STRIP = NO;
				DEBUG_INFORMATION_FORMAT = dwarf;
				ENABLE_STRICT_OBJC_MSGSEND = YES;
				ENABLE_TESTABILITY = YES;
				GCC_C_LANGUAGE_STANDARD = gnu11;
				GCC_DYNAMIC_NO_PIC = NO;
				GCC_NO_COMMON_BLOCKS = YES;
				GCC_OPTIMIZATION_LEVEL = 0;
				GCC_PREPROCESSOR_DEFINITIONS = (
					"DEBUG=1",
					"$(inherited)",
				);
				GCC_WARN_64_TO_32_BIT_CONVERSION = YES;
				GCC_WARN_ABOUT_RETURN_TYPE = YES_ERROR;
				GCC_WARN_UNDECLARED_SELECTOR = YES;
				GCC_WARN_UNINITIALIZED_AUTOS = YES_AGGRESSIVE;
				GCC_WARN_UNUSED_FUNCTION = YES;
				GCC_WARN_UNUSED_VARIABLE = YES;
				IPHONEOS_DEPLOYMENT_TARGET = 11.1;
				MTL_ENABLE_DEBUG_INFO = YES;
				ONLY_ACTIVE_ARCH = YES;
				SDKROOT = iphoneos;
				SWIFT_ACTIVE_COMPILATION_CONDITIONS = DEBUG;
				SWIFT_OPTIMIZATION_LEVEL = "-Onone";
			};
			name = Debug;
		};
		08C52B591FC8409D00EEB1BF /* Release */ = {
			isa = XCBuildConfiguration;
			buildSettings = {
				ALWAYS_SEARCH_USER_PATHS = NO;
				CLANG_ANALYZER_NONNULL = YES;
				CLANG_ANALYZER_NUMBER_OBJECT_CONVERSION = YES_AGGRESSIVE;
				CLANG_CXX_LANGUAGE_STANDARD = "gnu++14";
				CLANG_CXX_LIBRARY = "libc++";
				CLANG_ENABLE_MODULES = YES;
				CLANG_ENABLE_OBJC_ARC = YES;
				CLANG_WARN_BLOCK_CAPTURE_AUTORELEASING = YES;
				CLANG_WARN_BOOL_CONVERSION = YES;
				CLANG_WARN_COMMA = YES;
				CLANG_WARN_CONSTANT_CONVERSION = YES;
				CLANG_WARN_DIRECT_OBJC_ISA_USAGE = YES_ERROR;
				CLANG_WARN_DOCUMENTATION_COMMENTS = YES;
				CLANG_WARN_EMPTY_BODY = YES;
				CLANG_WARN_ENUM_CONVERSION = YES;
				CLANG_WARN_INFINITE_RECURSION = YES;
				CLANG_WARN_INT_CONVERSION = YES;
				CLANG_WARN_NON_LITERAL_NULL_CONVERSION = YES;
				CLANG_WARN_OBJC_LITERAL_CONVERSION = YES;
				CLANG_WARN_OBJC_ROOT_CLASS = YES_ERROR;
				CLANG_WARN_RANGE_LOOP_ANALYSIS = YES;
				CLANG_WARN_STRICT_PROTOTYPES = YES;
				CLANG_WARN_SUSPICIOUS_MOVE = YES;
				CLANG_WARN_UNGUARDED_AVAILABILITY = YES_AGGRESSIVE;
				CLANG_WARN_UNREACHABLE_CODE = YES;
				CLANG_WARN__DUPLICATE_METHOD_MATCH = YES;
				CODE_SIGN_IDENTITY = "iPhone Developer";
				COPY_PHASE_STRIP = NO;
				DEBUG_INFORMATION_FORMAT = "dwarf-with-dsym";
				ENABLE_NS_ASSERTIONS = NO;
				ENABLE_STRICT_OBJC_MSGSEND = YES;
				GCC_C_LANGUAGE_STANDARD = gnu11;
				GCC_NO_COMMON_BLOCKS = YES;
				GCC_WARN_64_TO_32_BIT_CONVERSION = YES;
				GCC_WARN_ABOUT_RETURN_TYPE = YES_ERROR;
				GCC_WARN_UNDECLARED_SELECTOR = YES;
				GCC_WARN_UNINITIALIZED_AUTOS = YES_AGGRESSIVE;
				GCC_WARN_UNUSED_FUNCTION = YES;
				GCC_WARN_UNUSED_VARIABLE = YES;
				IPHONEOS_DEPLOYMENT_TARGET = 11.1;
				MTL_ENABLE_DEBUG_INFO = NO;
				SDKROOT = iphoneos;
				SWIFT_OPTIMIZATION_LEVEL = "-Owholemodule";
				VALIDATE_PRODUCT = YES;
			};
			name = Release;
		};
		08C52B5B1FC8409D00EEB1BF /* Debug */ = {
			isa = XCBuildConfiguration;
			buildSettings = {
				ASSETCATALOG_COMPILER_APPICON_NAME = AppIcon;
				CODE_SIGN_STYLE = Automatic;
				DEVELOPMENT_TEAM = BM93ACT257;
				INFOPLIST_FILE = PinIT/Info.plist;
				LD_RUNPATH_SEARCH_PATHS = "$(inherited) @executable_path/Frameworks";
				PRODUCT_BUNDLE_IDENTIFIER = com.rahul.PinIT;
				PRODUCT_NAME = "$(TARGET_NAME)";
				SWIFT_VERSION = 4.0;
				TARGETED_DEVICE_FAMILY = "1,2";
			};
			name = Debug;
		};
		08C52B5C1FC8409D00EEB1BF /* Release */ = {
			isa = XCBuildConfiguration;
			buildSettings = {
				ASSETCATALOG_COMPILER_APPICON_NAME = AppIcon;
				CODE_SIGN_STYLE = Automatic;
				DEVELOPMENT_TEAM = BM93ACT257;
				INFOPLIST_FILE = PinIT/Info.plist;
				LD_RUNPATH_SEARCH_PATHS = "$(inherited) @executable_path/Frameworks";
				PRODUCT_BUNDLE_IDENTIFIER = com.rahul.PinIT;
				PRODUCT_NAME = "$(TARGET_NAME)";
				SWIFT_VERSION = 4.0;
				TARGETED_DEVICE_FAMILY = "1,2";
			};
			name = Release;
		};
/* End XCBuildConfiguration section */

/* Begin XCConfigurationList section */
		08C52B431FC8409D00EEB1BF /* Build configuration list for PBXProject "PinIT" */ = {
			isa = XCConfigurationList;
			buildConfigurations = (
				08C52B581FC8409D00EEB1BF /* Debug */,
				08C52B591FC8409D00EEB1BF /* Release */,
			);
			defaultConfigurationIsVisible = 0;
			defaultConfigurationName = Release;
		};
		08C52B5A1FC8409D00EEB1BF /* Build configuration list for PBXNativeTarget "PinIT" */ = {
			isa = XCConfigurationList;
			buildConfigurations = (
				08C52B5B1FC8409D00EEB1BF /* Debug */,
				08C52B5C1FC8409D00EEB1BF /* Release */,
			);
			defaultConfigurationIsVisible = 0;
			defaultConfigurationName = Release;
		};
/* End XCConfigurationList section */
	};
	rootObject = 08C52B401FC8409D00EEB1BF /* Project object */;
}
